
Microsoft Visual Studio Solution File, Format Version 12.00
# Visual Studio Version 16
VisualStudioVersion = 16.6.30114.105
MinimumVisualStudioVersion = 10.0.40219.1
Project("{9A19103F-16F7-4668-BE54-9A1E7A4F7556}") = "R5T.T0033.Construction", "R5T.T0033.Construction\R5T.T0033.Construction.csproj", "{A831ED1E-FAA8-469D-9365-4921198969DC}"
EndProject
Project("{9A19103F-16F7-4668-BE54-9A1E7A4F7556}") = "R5T.T0033.Abstractions", "R5T.T0033.Abstractions\R5T.T0033.Abstractions.csproj", "{D8D4E588-3E65-4256-B82D-D33212ADF3D1}"
EndProject
Project("{2150E333-8FDC-42A3-9474-1A3956D46DE8}") = "_Dependencies", "_Dependencies", "{EFA2A2D1-A4E8-4C0B-8AC4-B8FCA4277DA2}"
EndProject
Project("{9A19103F-16F7-4668-BE54-9A1E7A4F7556}") = "R5T.Magyar", "..\..\R5T.Magyar\source\R5T.Magyar\R5T.Magyar.csproj", "{5B5CA3DC-0679-4C35-B378-A2B8EBFE227C}"
EndProject
Project("{9A19103F-16F7-4668-BE54-9A1E7A4F7556}") = "R5T.T0033.T001", "R5T.T0033.T001\R5T.T0033.T001.csproj", "{4541D212-CBCB-4BAD-B555-A9CA29636DD6}"
EndProject
Project("{9A19103F-16F7-4668-BE54-9A1E7A4F7556}") = "R5T.T0033.T002", "R5T.T0033.T002\R5T.T0033.T002.csproj", "{F9E9AC8C-00FE-47DF-8374-2957D4AA123C}"
EndProject
Project("{9A19103F-16F7-4668-BE54-9A1E7A4F7556}") = "R5T.T0033.D001.Base", "R5T.T0033.D001.Base\R5T.T0033.D001.Base.csproj", "{E802D7AB-5295-4389-B8BC-40A6B4E60B16}"
EndProject
Project("{9A19103F-16F7-4668-BE54-9A1E7A4F7556}") = "R5T.T0033.D002.Base", "R5T.T0033.D002.Base\R5T.T0033.D002.Base.csproj", "{D20C324A-D91E-4E20-B599-F3E287298538}"
EndProject
Project("{9A19103F-16F7-4668-BE54-9A1E7A4F7556}") = "R5T.T0033.T003", "R5T.T0033.T003\R5T.T0033.T003.csproj", "{09D960F9-49F5-4600-B01F-1B009CBC3B90}"
EndProject
Project("{9A19103F-16F7-4668-BE54-9A1E7A4F7556}") = "R5T.T0033.D002.I001", "R5T.T0033.D002.I001\R5T.T0033.D002.I001.csproj", "{46768B5F-1687-422E-89B1-102B6BD59097}"
EndProject
Project("{9A19103F-16F7-4668-BE54-9A1E7A4F7556}") = "R5T.Dacia.Extensions", "..\..\R5T.Dacia.Extensions\source\R5T.Dacia.Extensions\R5T.Dacia.Extensions.csproj", "{FEFA2077-FE14-400E-802C-408EB7BB9325}"
EndProject
Project("{9A19103F-16F7-4668-BE54-9A1E7A4F7556}") = "R5T.Dacia", "..\..\R5T.Dacia\source\R5T.Dacia\R5T.Dacia.csproj", "{91EEA6E8-D99E-4D48-B1D6-3C6BDA9196A9}"
EndProject
Project("{9A19103F-16F7-4668-BE54-9A1E7A4F7556}") = "R5T.T0033.D002.X001", "R5T.T0033.D002.X001\R5T.T0033.D002.X001.csproj", "{8D79F8A2-9A60-442F-B266-867EB37754F1}"
EndProject
Project("{FAE04EC0-301F-11D3-BF4B-00C04F79EFBC}") = "R5T.T0033.D002.Percent", "R5T.T0033.D002.Percent\R5T.T0033.D002.Percent.csproj", "{4C7B0B7D-2072-4785-BA92-EC0643279C1A}"
EndProject
Project("{FAE04EC0-301F-11D3-BF4B-00C04F79EFBC}") = "R5T.T0064", "..\..\R5T.T0064\source\R5T.T0064\R5T.T0064.csproj", "{03DF9587-5A71-4D19-9626-D762EFBD932B}"
EndProject
Global
	GlobalSection(SolutionConfigurationPlatforms) = preSolution
		Debug|Any CPU = Debug|Any CPU
		Debug|x64 = Debug|x64
		Debug|x86 = Debug|x86
		Release|Any CPU = Release|Any CPU
		Release|x64 = Release|x64
		Release|x86 = Release|x86
	EndGlobalSection
	GlobalSection(ProjectConfigurationPlatforms) = postSolution
		{A831ED1E-FAA8-469D-9365-4921198969DC}.Debug|Any CPU.ActiveCfg = Debug|Any CPU
		{A831ED1E-FAA8-469D-9365-4921198969DC}.Debug|Any CPU.Build.0 = Debug|Any CPU
		{A831ED1E-FAA8-469D-9365-4921198969DC}.Debug|x64.ActiveCfg = Debug|Any CPU
		{A831ED1E-FAA8-469D-9365-4921198969DC}.Debug|x64.Build.0 = Debug|Any CPU
		{A831ED1E-FAA8-469D-9365-4921198969DC}.Debug|x86.ActiveCfg = Debug|Any CPU
		{A831ED1E-FAA8-469D-9365-4921198969DC}.Debug|x86.Build.0 = Debug|Any CPU
		{A831ED1E-FAA8-469D-9365-4921198969DC}.Release|Any CPU.ActiveCfg = Release|Any CPU
		{A831ED1E-FAA8-469D-9365-4921198969DC}.Release|Any CPU.Build.0 = Release|Any CPU
		{A831ED1E-FAA8-469D-9365-4921198969DC}.Release|x64.ActiveCfg = Release|Any CPU
		{A831ED1E-FAA8-469D-9365-4921198969DC}.Release|x64.Build.0 = Release|Any CPU
		{A831ED1E-FAA8-469D-9365-4921198969DC}.Release|x86.ActiveCfg = Release|Any CPU
		{A831ED1E-FAA8-469D-9365-4921198969DC}.Release|x86.Build.0 = Release|Any CPU
		{D8D4E588-3E65-4256-B82D-D33212ADF3D1}.Debug|Any CPU.ActiveCfg = Debug|Any CPU
		{D8D4E588-3E65-4256-B82D-D33212ADF3D1}.Debug|Any CPU.Build.0 = Debug|Any CPU
		{D8D4E588-3E65-4256-B82D-D33212ADF3D1}.Debug|x64.ActiveCfg = Debug|Any CPU
		{D8D4E588-3E65-4256-B82D-D33212ADF3D1}.Debug|x64.Build.0 = Debug|Any CPU
		{D8D4E588-3E65-4256-B82D-D33212ADF3D1}.Debug|x86.ActiveCfg = Debug|Any CPU
		{D8D4E588-3E65-4256-B82D-D33212ADF3D1}.Debug|x86.Build.0 = Debug|Any CPU
		{D8D4E588-3E65-4256-B82D-D33212ADF3D1}.Release|Any CPU.ActiveCfg = Release|Any CPU
		{D8D4E588-3E65-4256-B82D-D33212ADF3D1}.Release|Any CPU.Build.0 = Release|Any CPU
		{D8D4E588-3E65-4256-B82D-D33212ADF3D1}.Release|x64.ActiveCfg = Release|Any CPU
		{D8D4E588-3E65-4256-B82D-D33212ADF3D1}.Release|x64.Build.0 = Release|Any CPU
		{D8D4E588-3E65-4256-B82D-D33212ADF3D1}.Release|x86.ActiveCfg = Release|Any CPU
		{D8D4E588-3E65-4256-B82D-D33212ADF3D1}.Release|x86.Build.0 = Release|Any CPU
		{5B5CA3DC-0679-4C35-B378-A2B8EBFE227C}.Debug|Any CPU.ActiveCfg = Debug|Any CPU
		{5B5CA3DC-0679-4C35-B378-A2B8EBFE227C}.Debug|Any CPU.Build.0 = Debug|Any CPU
		{5B5CA3DC-0679-4C35-B378-A2B8EBFE227C}.Debug|x64.ActiveCfg = Debug|Any CPU
		{5B5CA3DC-0679-4C35-B378-A2B8EBFE227C}.Debug|x64.Build.0 = Debug|Any CPU
		{5B5CA3DC-0679-4C35-B378-A2B8EBFE227C}.Debug|x86.ActiveCfg = Debug|Any CPU
		{5B5CA3DC-0679-4C35-B378-A2B8EBFE227C}.Debug|x86.Build.0 = Debug|Any CPU
		{5B5CA3DC-0679-4C35-B378-A2B8EBFE227C}.Release|Any CPU.ActiveCfg = Release|Any CPU
		{5B5CA3DC-0679-4C35-B378-A2B8EBFE227C}.Release|Any CPU.Build.0 = Release|Any CPU
		{5B5CA3DC-0679-4C35-B378-A2B8EBFE227C}.Release|x64.ActiveCfg = Release|Any CPU
		{5B5CA3DC-0679-4C35-B378-A2B8EBFE227C}.Release|x64.Build.0 = Release|Any CPU
		{5B5CA3DC-0679-4C35-B378-A2B8EBFE227C}.Release|x86.ActiveCfg = Release|Any CPU
		{5B5CA3DC-0679-4C35-B378-A2B8EBFE227C}.Release|x86.Build.0 = Release|Any CPU
		{4541D212-CBCB-4BAD-B555-A9CA29636DD6}.Debug|Any CPU.ActiveCfg = Debug|Any CPU
		{4541D212-CBCB-4BAD-B555-A9CA29636DD6}.Debug|Any CPU.Build.0 = Debug|Any CPU
		{4541D212-CBCB-4BAD-B555-A9CA29636DD6}.Debug|x64.ActiveCfg = Debug|Any CPU
		{4541D212-CBCB-4BAD-B555-A9CA29636DD6}.Debug|x64.Build.0 = Debug|Any CPU
		{4541D212-CBCB-4BAD-B555-A9CA29636DD6}.Debug|x86.ActiveCfg = Debug|Any CPU
		{4541D212-CBCB-4BAD-B555-A9CA29636DD6}.Debug|x86.Build.0 = Debug|Any CPU
		{4541D212-CBCB-4BAD-B555-A9CA29636DD6}.Release|Any CPU.ActiveCfg = Release|Any CPU
		{4541D212-CBCB-4BAD-B555-A9CA29636DD6}.Release|Any CPU.Build.0 = Release|Any CPU
		{4541D212-CBCB-4BAD-B555-A9CA29636DD6}.Release|x64.ActiveCfg = Release|Any CPU
		{4541D212-CBCB-4BAD-B555-A9CA29636DD6}.Release|x64.Build.0 = Release|Any CPU
		{4541D212-CBCB-4BAD-B555-A9CA29636DD6}.Release|x86.ActiveCfg = Release|Any CPU
		{4541D212-CBCB-4BAD-B555-A9CA29636DD6}.Release|x86.Build.0 = Release|Any CPU
		{F9E9AC8C-00FE-47DF-8374-2957D4AA123C}.Debug|Any CPU.ActiveCfg = Debug|Any CPU
		{F9E9AC8C-00FE-47DF-8374-2957D4AA123C}.Debug|Any CPU.Build.0 = Debug|Any CPU
		{F9E9AC8C-00FE-47DF-8374-2957D4AA123C}.Debug|x64.ActiveCfg = Debug|Any CPU
		{F9E9AC8C-00FE-47DF-8374-2957D4AA123C}.Debug|x64.Build.0 = Debug|Any CPU
		{F9E9AC8C-00FE-47DF-8374-2957D4AA123C}.Debug|x86.ActiveCfg = Debug|Any CPU
		{F9E9AC8C-00FE-47DF-8374-2957D4AA123C}.Debug|x86.Build.0 = Debug|Any CPU
		{F9E9AC8C-00FE-47DF-8374-2957D4AA123C}.Release|Any CPU.ActiveCfg = Release|Any CPU
		{F9E9AC8C-00FE-47DF-8374-2957D4AA123C}.Release|Any CPU.Build.0 = Release|Any CPU
		{F9E9AC8C-00FE-47DF-8374-2957D4AA123C}.Release|x64.ActiveCfg = Release|Any CPU
		{F9E9AC8C-00FE-47DF-8374-2957D4AA123C}.Release|x64.Build.0 = Release|Any CPU
		{F9E9AC8C-00FE-47DF-8374-2957D4AA123C}.Release|x86.ActiveCfg = Release|Any CPU
		{F9E9AC8C-00FE-47DF-8374-2957D4AA123C}.Release|x86.Build.0 = Release|Any CPU
		{E802D7AB-5295-4389-B8BC-40A6B4E60B16}.Debug|Any CPU.ActiveCfg = Debug|Any CPU
		{E802D7AB-5295-4389-B8BC-40A6B4E60B16}.Debug|Any CPU.Build.0 = Debug|Any CPU
		{E802D7AB-5295-4389-B8BC-40A6B4E60B16}.Debug|x64.ActiveCfg = Debug|Any CPU
		{E802D7AB-5295-4389-B8BC-40A6B4E60B16}.Debug|x64.Build.0 = Debug|Any CPU
		{E802D7AB-5295-4389-B8BC-40A6B4E60B16}.Debug|x86.ActiveCfg = Debug|Any CPU
		{E802D7AB-5295-4389-B8BC-40A6B4E60B16}.Debug|x86.Build.0 = Debug|Any CPU
		{E802D7AB-5295-4389-B8BC-40A6B4E60B16}.Release|Any CPU.ActiveCfg = Release|Any CPU
		{E802D7AB-5295-4389-B8BC-40A6B4E60B16}.Release|Any CPU.Build.0 = Release|Any CPU
		{E802D7AB-5295-4389-B8BC-40A6B4E60B16}.Release|x64.ActiveCfg = Release|Any CPU
		{E802D7AB-5295-4389-B8BC-40A6B4E60B16}.Release|x64.Build.0 = Release|Any CPU
		{E802D7AB-5295-4389-B8BC-40A6B4E60B16}.Release|x86.ActiveCfg = Release|Any CPU
		{E802D7AB-5295-4389-B8BC-40A6B4E60B16}.Release|x86.Build.0 = Release|Any CPU
		{D20C324A-D91E-4E20-B599-F3E287298538}.Debug|Any CPU.ActiveCfg = Debug|Any CPU
		{D20C324A-D91E-4E20-B599-F3E287298538}.Debug|Any CPU.Build.0 = Debug|Any CPU
		{D20C324A-D91E-4E20-B599-F3E287298538}.Debug|x64.ActiveCfg = Debug|Any CPU
		{D20C324A-D91E-4E20-B599-F3E287298538}.Debug|x64.Build.0 = Debug|Any CPU
		{D20C324A-D91E-4E20-B599-F3E287298538}.Debug|x86.ActiveCfg = Debug|Any CPU
		{D20C324A-D91E-4E20-B599-F3E287298538}.Debug|x86.Build.0 = Debug|Any CPU
		{D20C324A-D91E-4E20-B599-F3E287298538}.Release|Any CPU.ActiveCfg = Release|Any CPU
		{D20C324A-D91E-4E20-B599-F3E287298538}.Release|Any CPU.Build.0 = Release|Any CPU
		{D20C324A-D91E-4E20-B599-F3E287298538}.Release|x64.ActiveCfg = Release|Any CPU
		{D20C324A-D91E-4E20-B599-F3E287298538}.Release|x64.Build.0 = Release|Any CPU
		{D20C324A-D91E-4E20-B599-F3E287298538}.Release|x86.ActiveCfg = Release|Any CPU
		{D20C324A-D91E-4E20-B599-F3E287298538}.Release|x86.Build.0 = Release|Any CPU
		{09D960F9-49F5-4600-B01F-1B009CBC3B90}.Debug|Any CPU.ActiveCfg = Debug|Any CPU
		{09D960F9-49F5-4600-B01F-1B009CBC3B90}.Debug|Any CPU.Build.0 = Debug|Any CPU
		{09D960F9-49F5-4600-B01F-1B009CBC3B90}.Debug|x64.ActiveCfg = Debug|Any CPU
		{09D960F9-49F5-4600-B01F-1B009CBC3B90}.Debug|x64.Build.0 = Debug|Any CPU
		{09D960F9-49F5-4600-B01F-1B009CBC3B90}.Debug|x86.ActiveCfg = Debug|Any CPU
		{09D960F9-49F5-4600-B01F-1B009CBC3B90}.Debug|x86.Build.0 = Debug|Any CPU
		{09D960F9-49F5-4600-B01F-1B009CBC3B90}.Release|Any CPU.ActiveCfg = Release|Any CPU
		{09D960F9-49F5-4600-B01F-1B009CBC3B90}.Release|Any CPU.Build.0 = Release|Any CPU
		{09D960F9-49F5-4600-B01F-1B009CBC3B90}.Release|x64.ActiveCfg = Release|Any CPU
		{09D960F9-49F5-4600-B01F-1B009CBC3B90}.Release|x64.Build.0 = Release|Any CPU
		{09D960F9-49F5-4600-B01F-1B009CBC3B90}.Release|x86.ActiveCfg = Release|Any CPU
		{09D960F9-49F5-4600-B01F-1B009CBC3B90}.Release|x86.Build.0 = Release|Any CPU
		{46768B5F-1687-422E-89B1-102B6BD59097}.Debug|Any CPU.ActiveCfg = Debug|Any CPU
		{46768B5F-1687-422E-89B1-102B6BD59097}.Debug|Any CPU.Build.0 = Debug|Any CPU
		{46768B5F-1687-422E-89B1-102B6BD59097}.Debug|x64.ActiveCfg = Debug|Any CPU
		{46768B5F-1687-422E-89B1-102B6BD59097}.Debug|x64.Build.0 = Debug|Any CPU
		{46768B5F-1687-422E-89B1-102B6BD59097}.Debug|x86.ActiveCfg = Debug|Any CPU
		{46768B5F-1687-422E-89B1-102B6BD59097}.Debug|x86.Build.0 = Debug|Any CPU
		{46768B5F-1687-422E-89B1-102B6BD59097}.Release|Any CPU.ActiveCfg = Release|Any CPU
		{46768B5F-1687-422E-89B1-102B6BD59097}.Release|Any CPU.Build.0 = Release|Any CPU
		{46768B5F-1687-422E-89B1-102B6BD59097}.Release|x64.ActiveCfg = Release|Any CPU
		{46768B5F-1687-422E-89B1-102B6BD59097}.Release|x64.Build.0 = Release|Any CPU
		{46768B5F-1687-422E-89B1-102B6BD59097}.Release|x86.ActiveCfg = Release|Any CPU
		{46768B5F-1687-422E-89B1-102B6BD59097}.Release|x86.Build.0 = Release|Any CPU
		{FEFA2077-FE14-400E-802C-408EB7BB9325}.Debug|Any CPU.ActiveCfg = Debug|Any CPU
		{FEFA2077-FE14-400E-802C-408EB7BB9325}.Debug|Any CPU.Build.0 = Debug|Any CPU
		{FEFA2077-FE14-400E-802C-408EB7BB9325}.Debug|x64.ActiveCfg = Debug|Any CPU
		{FEFA2077-FE14-400E-802C-408EB7BB9325}.Debug|x64.Build.0 = Debug|Any CPU
		{FEFA2077-FE14-400E-802C-408EB7BB9325}.Debug|x86.ActiveCfg = Debug|Any CPU
		{FEFA2077-FE14-400E-802C-408EB7BB9325}.Debug|x86.Build.0 = Debug|Any CPU
		{FEFA2077-FE14-400E-802C-408EB7BB9325}.Release|Any CPU.ActiveCfg = Release|Any CPU
		{FEFA2077-FE14-400E-802C-408EB7BB9325}.Release|Any CPU.Build.0 = Release|Any CPU
		{FEFA2077-FE14-400E-802C-408EB7BB9325}.Release|x64.ActiveCfg = Release|Any CPU
		{FEFA2077-FE14-400E-802C-408EB7BB9325}.Release|x64.Build.0 = Release|Any CPU
		{FEFA2077-FE14-400E-802C-408EB7BB9325}.Release|x86.ActiveCfg = Release|Any CPU
		{FEFA2077-FE14-400E-802C-408EB7BB9325}.Release|x86.Build.0 = Release|Any CPU
		{91EEA6E8-D99E-4D48-B1D6-3C6BDA9196A9}.Debug|Any CPU.ActiveCfg = Debug|Any CPU
		{91EEA6E8-D99E-4D48-B1D6-3C6BDA9196A9}.Debug|Any CPU.Build.0 = Debug|Any CPU
		{91EEA6E8-D99E-4D48-B1D6-3C6BDA9196A9}.Debug|x64.ActiveCfg = Debug|Any CPU
		{91EEA6E8-D99E-4D48-B1D6-3C6BDA9196A9}.Debug|x64.Build.0 = Debug|Any CPU
		{91EEA6E8-D99E-4D48-B1D6-3C6BDA9196A9}.Debug|x86.ActiveCfg = Debug|Any CPU
		{91EEA6E8-D99E-4D48-B1D6-3C6BDA9196A9}.Debug|x86.Build.0 = Debug|Any CPU
		{91EEA6E8-D99E-4D48-B1D6-3C6BDA9196A9}.Release|Any CPU.ActiveCfg = Release|Any CPU
		{91EEA6E8-D99E-4D48-B1D6-3C6BDA9196A9}.Release|Any CPU.Build.0 = Release|Any CPU
		{91EEA6E8-D99E-4D48-B1D6-3C6BDA9196A9}.Release|x64.ActiveCfg = Release|Any CPU
		{91EEA6E8-D99E-4D48-B1D6-3C6BDA9196A9}.Release|x64.Build.0 = Release|Any CPU
		{91EEA6E8-D99E-4D48-B1D6-3C6BDA9196A9}.Release|x86.ActiveCfg = Release|Any CPU
		{91EEA6E8-D99E-4D48-B1D6-3C6BDA9196A9}.Release|x86.Build.0 = Release|Any CPU
		{8D79F8A2-9A60-442F-B266-867EB37754F1}.Debug|Any CPU.ActiveCfg = Debug|Any CPU
		{8D79F8A2-9A60-442F-B266-867EB37754F1}.Debug|Any CPU.Build.0 = Debug|Any CPU
		{8D79F8A2-9A60-442F-B266-867EB37754F1}.Debug|x64.ActiveCfg = Debug|Any CPU
		{8D79F8A2-9A60-442F-B266-867EB37754F1}.Debug|x64.Build.0 = Debug|Any CPU
		{8D79F8A2-9A60-442F-B266-867EB37754F1}.Debug|x86.ActiveCfg = Debug|Any CPU
		{8D79F8A2-9A60-442F-B266-867EB37754F1}.Debug|x86.Build.0 = Debug|Any CPU
		{8D79F8A2-9A60-442F-B266-867EB37754F1}.Release|Any CPU.ActiveCfg = Release|Any CPU
		{8D79F8A2-9A60-442F-B266-867EB37754F1}.Release|Any CPU.Build.0 = Release|Any CPU
		{8D79F8A2-9A60-442F-B266-867EB37754F1}.Release|x64.ActiveCfg = Release|Any CPU
		{8D79F8A2-9A60-442F-B266-867EB37754F1}.Release|x64.Build.0 = Release|Any CPU
		{8D79F8A2-9A60-442F-B266-867EB37754F1}.Release|x86.ActiveCfg = Release|Any CPU
		{8D79F8A2-9A60-442F-B266-867EB37754F1}.Release|x86.Build.0 = Release|Any CPU
		{4C7B0B7D-2072-4785-BA92-EC0643279C1A}.Debug|Any CPU.ActiveCfg = Debug|Any CPU
		{4C7B0B7D-2072-4785-BA92-EC0643279C1A}.Debug|Any CPU.Build.0 = Debug|Any CPU
		{4C7B0B7D-2072-4785-BA92-EC0643279C1A}.Debug|x64.ActiveCfg = Debug|Any CPU
		{4C7B0B7D-2072-4785-BA92-EC0643279C1A}.Debug|x64.Build.0 = Debug|Any CPU
		{4C7B0B7D-2072-4785-BA92-EC0643279C1A}.Debug|x86.ActiveCfg = Debug|Any CPU
		{4C7B0B7D-2072-4785-BA92-EC0643279C1A}.Debug|x86.Build.0 = Debug|Any CPU
		{4C7B0B7D-2072-4785-BA92-EC0643279C1A}.Release|Any CPU.ActiveCfg = Release|Any CPU
		{4C7B0B7D-2072-4785-BA92-EC0643279C1A}.Release|Any CPU.Build.0 = Release|Any CPU
		{4C7B0B7D-2072-4785-BA92-EC0643279C1A}.Release|x64.ActiveCfg = Release|Any CPU
		{4C7B0B7D-2072-4785-BA92-EC0643279C1A}.Release|x64.Build.0 = Release|Any CPU
		{4C7B0B7D-2072-4785-BA92-EC0643279C1A}.Release|x86.ActiveCfg = Release|Any CPU
		{4C7B0B7D-2072-4785-BA92-EC0643279C1A}.Release|x86.Build.0 = Release|Any CPU
		{03DF9587-5A71-4D19-9626-D762EFBD932B}.Debug|Any CPU.ActiveCfg = Debug|Any CPU
		{03DF9587-5A71-4D19-9626-D762EFBD932B}.Debug|Any CPU.Build.0 = Debug|Any CPU
		{03DF9587-5A71-4D19-9626-D762EFBD932B}.Debug|x64.ActiveCfg = Debug|Any CPU
		{03DF9587-5A71-4D19-9626-D762EFBD932B}.Debug|x64.Build.0 = Debug|Any CPU
		{03DF9587-5A71-4D19-9626-D762EFBD932B}.Debug|x86.ActiveCfg = Debug|Any CPU
		{03DF9587-5A71-4D19-9626-D762EFBD932B}.Debug|x86.Build.0 = Debug|Any CPU
		{03DF9587-5A71-4D19-9626-D762EFBD932B}.Release|Any CPU.ActiveCfg = Release|Any CPU
		{03DF9587-5A71-4D19-9626-D762EFBD932B}.Release|Any CPU.Build.0 = Release|Any CPU
		{03DF9587-5A71-4D19-9626-D762EFBD932B}.Release|x64.ActiveCfg = Release|Any CPU
		{03DF9587-5A71-4D19-9626-D762EFBD932B}.Release|x64.Build.0 = Release|Any CPU
		{03DF9587-5A71-4D19-9626-D762EFBD932B}.Release|x86.ActiveCfg = Release|Any CPU
		{03DF9587-5A71-4D19-9626-D762EFBD932B}.Release|x86.Build.0 = Release|Any CPU
	EndGlobalSection
	GlobalSection(SolutionProperties) = preSolution
		HideSolutionNode = FALSE
	EndGlobalSection
	GlobalSection(NestedProjects) = preSolution
		{5B5CA3DC-0679-4C35-B378-A2B8EBFE227C} = {EFA2A2D1-A4E8-4C0B-8AC4-B8FCA4277DA2}
		{FEFA2077-FE14-400E-802C-408EB7BB9325} = {EFA2A2D1-A4E8-4C0B-8AC4-B8FCA4277DA2}
		{91EEA6E8-D99E-4D48-B1D6-3C6BDA9196A9} = {EFA2A2D1-A4E8-4C0B-8AC4-B8FCA4277DA2}
		{03DF9587-5A71-4D19-9626-D762EFBD932B} = {EFA2A2D1-A4E8-4C0B-8AC4-B8FCA4277DA2}
	EndGlobalSection
	GlobalSection(ExtensibilityGlobals) = postSolution
		SolutionGuid = {4AE6CC16-F3A3-4C5F-8817-BD620CEC7651}
	EndGlobalSection
EndGlobal
